
Microsoft Visual Studio Solution File, Format Version 12.00
Project("{FAE04EC0-301F-11D3-BF4B-00C04F79EFBC}") = "E001_HelloWorld", "E001_HelloWorld\E001_HelloWorld.csproj", "{8DB4D48F-1D94-46C4-A3FE-5FC80E09B650}"
EndProject
Project("{FAE04EC0-301F-11D3-BF4B-00C04F79EFBC}") = "E002_Basics", "E002_Basics\E002_Basics.csproj", "{5349BA03-59D4-4E92-AC19-0A9023930E3C}"
EndProject
Project("{FAE04EC0-301F-11D3-BF4B-00C04F79EFBC}") = "E003_UserInput", "E003_UserInput\E003_UserInput.csproj", "{4226F0B0-3188-4F8C-A248-1594E162F9C8}"
EndProject
Project("{FAE04EC0-301F-11D3-BF4B-00C04F79EFBC}") = "E004_Functions", "E004_Functions\E004_Functions.csproj", "{8035C5FB-1B6E-41AD-8D3E-5DE0B981BA3E}"
EndProject
Project("{FAE04EC0-301F-11D3-BF4B-00C04F79EFBC}") = "E005_Arrays", "E005_Arrays\E005_Arrays.csproj", "{6C42C905-A4B2-4721-9507-FC75208F3F09}"
EndProject
Project("{FAE04EC0-301F-11D3-BF4B-00C04F79EFBC}") = "E006_Matrix", "E006_Matrix\E006_Matrix.csproj", "{94FBDDC8-4E2B-46BB-A99A-FD6A13F998EE}"
EndProject
Project("{FAE04EC0-301F-11D3-BF4B-00C04F79EFBC}") = "E007_Params", "E007_Params\E007_Params.csproj", "{C7EC536A-7202-41DD-9FB8-5908D8E72375}"
EndProject
Project("{FAE04EC0-301F-11D3-BF4B-00C04F79EFBC}") = "E008_ArrayClass", "E008_ArrayClass\E008_ArrayClass.csproj", "{BE71EF75-5293-4790-87B4-D60753345B46}"
EndProject
Project("{FAE04EC0-301F-11D3-BF4B-00C04F79EFBC}") = "E009_OOP", "E009_OOP\E009_OOP.csproj", "{2B8D975B-7CC9-472C-BBF7-B0848AEF7A27}"
EndProject
Global
	GlobalSection(SolutionConfigurationPlatforms) = preSolution
		Debug|Any CPU = Debug|Any CPU
		Release|Any CPU = Release|Any CPU
	EndGlobalSection
	GlobalSection(ProjectConfigurationPlatforms) = postSolution
		{8DB4D48F-1D94-46C4-A3FE-5FC80E09B650}.Debug|Any CPU.ActiveCfg = Debug|Any CPU
		{8DB4D48F-1D94-46C4-A3FE-5FC80E09B650}.Debug|Any CPU.Build.0 = Debug|Any CPU
		{8DB4D48F-1D94-46C4-A3FE-5FC80E09B650}.Release|Any CPU.ActiveCfg = Release|Any CPU
		{8DB4D48F-1D94-46C4-A3FE-5FC80E09B650}.Release|Any CPU.Build.0 = Release|Any CPU
		{5349BA03-59D4-4E92-AC19-0A9023930E3C}.Debug|Any CPU.ActiveCfg = Debug|Any CPU
		{5349BA03-59D4-4E92-AC19-0A9023930E3C}.Debug|Any CPU.Build.0 = Debug|Any CPU
		{5349BA03-59D4-4E92-AC19-0A9023930E3C}.Release|Any CPU.ActiveCfg = Release|Any CPU
		{5349BA03-59D4-4E92-AC19-0A9023930E3C}.Release|Any CPU.Build.0 = Release|Any CPU
		{4226F0B0-3188-4F8C-A248-1594E162F9C8}.Debug|Any CPU.ActiveCfg = Debug|Any CPU
		{4226F0B0-3188-4F8C-A248-1594E162F9C8}.Debug|Any CPU.Build.0 = Debug|Any CPU
		{4226F0B0-3188-4F8C-A248-1594E162F9C8}.Release|Any CPU.ActiveCfg = Release|Any CPU
		{4226F0B0-3188-4F8C-A248-1594E162F9C8}.Release|Any CPU.Build.0 = Release|Any CPU
		{8035C5FB-1B6E-41AD-8D3E-5DE0B981BA3E}.Debug|Any CPU.ActiveCfg = Debug|Any CPU
		{8035C5FB-1B6E-41AD-8D3E-5DE0B981BA3E}.Debug|Any CPU.Build.0 = Debug|Any CPU
		{8035C5FB-1B6E-41AD-8D3E-5DE0B981BA3E}.Release|Any CPU.ActiveCfg = Release|Any CPU
		{8035C5FB-1B6E-41AD-8D3E-5DE0B981BA3E}.Release|Any CPU.Build.0 = Release|Any CPU
		{6C42C905-A4B2-4721-9507-FC75208F3F09}.Debug|Any CPU.ActiveCfg = Debug|Any CPU
		{6C42C905-A4B2-4721-9507-FC75208F3F09}.Debug|Any CPU.Build.0 = Debug|Any CPU
		{6C42C905-A4B2-4721-9507-FC75208F3F09}.Release|Any CPU.ActiveCfg = Release|Any CPU
		{6C42C905-A4B2-4721-9507-FC75208F3F09}.Release|Any CPU.Build.0 = Release|Any CPU
		{94FBDDC8-4E2B-46BB-A99A-FD6A13F998EE}.Debug|Any CPU.ActiveCfg = Debug|Any CPU
		{94FBDDC8-4E2B-46BB-A99A-FD6A13F998EE}.Debug|Any CPU.Build.0 = Debug|Any CPU
		{94FBDDC8-4E2B-46BB-A99A-FD6A13F998EE}.Release|Any CPU.ActiveCfg = Release|Any CPU
		{94FBDDC8-4E2B-46BB-A99A-FD6A13F998EE}.Release|Any CPU.Build.0 = Release|Any CPU
		{C7EC536A-7202-41DD-9FB8-5908D8E72375}.Debug|Any CPU.ActiveCfg = Debug|Any CPU
		{C7EC536A-7202-41DD-9FB8-5908D8E72375}.Debug|Any CPU.Build.0 = Debug|Any CPU
		{C7EC536A-7202-41DD-9FB8-5908D8E72375}.Release|Any CPU.ActiveCfg = Release|Any CPU
		{C7EC536A-7202-41DD-9FB8-5908D8E72375}.Release|Any CPU.Build.0 = Release|Any CPU
		{BE71EF75-5293-4790-87B4-D60753345B46}.Debug|Any CPU.ActiveCfg = Debug|Any CPU
		{BE71EF75-5293-4790-87B4-D60753345B46}.Debug|Any CPU.Build.0 = Debug|Any CPU
		{BE71EF75-5293-4790-87B4-D60753345B46}.Release|Any CPU.ActiveCfg = Release|Any CPU
		{BE71EF75-5293-4790-87B4-D60753345B46}.Release|Any CPU.Build.0 = Release|Any CPU
		{2B8D975B-7CC9-472C-BBF7-B0848AEF7A27}.Debug|Any CPU.ActiveCfg = Debug|Any CPU
		{2B8D975B-7CC9-472C-BBF7-B0848AEF7A27}.Debug|Any CPU.Build.0 = Debug|Any CPU
		{2B8D975B-7CC9-472C-BBF7-B0848AEF7A27}.Release|Any CPU.ActiveCfg = Release|Any CPU
		{2B8D975B-7CC9-472C-BBF7-B0848AEF7A27}.Release|Any CPU.Build.0 = Release|Any CPU
	EndGlobalSection
EndGlobal
